### YamlMime:ManagedReference
items:
- uid: Microsoft.AspNetCore.Authentication.TestClock
  commentId: T:Microsoft.AspNetCore.Authentication.TestClock
  id: TestClock
  parent: Microsoft.AspNetCore.Authentication
  children:
  - Microsoft.AspNetCore.Authentication.TestClock.#ctor
  - Microsoft.AspNetCore.Authentication.TestClock.Add(System.TimeSpan)
  - Microsoft.AspNetCore.Authentication.TestClock.UtcNow
  langs:
  - csharp
  - vb
  name: TestClock
  nameWithType: TestClock
  fullName: Microsoft.AspNetCore.Authentication.TestClock
  type: Class
  source:
    remote:
      path: test/Microsoft.AspNetCore.Authentication.Test/TestClock.cs
      branch: master
      repo: https://github.com/aspnet/Security.git
    id: TestClock
    path: test/Microsoft.AspNetCore.Authentication.Test/TestClock.cs
    startLine: 8
  assemblies:
  - Microsoft.AspNetCore.Authentication.Test
  namespace: Microsoft.AspNetCore.Authentication
  syntax:
    content: 'public class TestClock : ISystemClock'
    content.vb: >-
      Public Class TestClock
          Implements ISystemClock
  inheritance:
  - System.Object
  implements:
  - Microsoft.AspNetCore.Authentication.ISystemClock
  inheritedMembers:
  - System.Object.Equals(System.Object)
  - System.Object.Equals(System.Object,System.Object)
  - System.Object.GetHashCode
  - System.Object.GetType
  - System.Object.MemberwiseClone
  - System.Object.ReferenceEquals(System.Object,System.Object)
  - System.Object.ToString
  modifiers.csharp:
  - public
  - class
  modifiers.vb:
  - Public
  - Class
- uid: Microsoft.AspNetCore.Authentication.TestClock.#ctor
  commentId: M:Microsoft.AspNetCore.Authentication.TestClock.#ctor
  id: '#ctor'
  parent: Microsoft.AspNetCore.Authentication.TestClock
  langs:
  - csharp
  - vb
  name: TestClock()
  nameWithType: TestClock.TestClock()
  fullName: Microsoft.AspNetCore.Authentication.TestClock.TestClock()
  type: Constructor
  source:
    remote:
      path: test/Microsoft.AspNetCore.Authentication.Test/TestClock.cs
      branch: master
      repo: https://github.com/aspnet/Security.git
    id: .ctor
    path: test/Microsoft.AspNetCore.Authentication.Test/TestClock.cs
    startLine: 10
  assemblies:
  - Microsoft.AspNetCore.Authentication.Test
  namespace: Microsoft.AspNetCore.Authentication
  syntax:
    content: public TestClock()
    content.vb: Public Sub New
  modifiers.csharp:
  - public
  modifiers.vb:
  - Public
- uid: Microsoft.AspNetCore.Authentication.TestClock.UtcNow
  commentId: P:Microsoft.AspNetCore.Authentication.TestClock.UtcNow
  id: UtcNow
  parent: Microsoft.AspNetCore.Authentication.TestClock
  langs:
  - csharp
  - vb
  name: UtcNow
  nameWithType: TestClock.UtcNow
  fullName: Microsoft.AspNetCore.Authentication.TestClock.UtcNow
  type: Property
  source:
    remote:
      path: test/Microsoft.AspNetCore.Authentication.Test/TestClock.cs
      branch: master
      repo: https://github.com/aspnet/Security.git
    id: UtcNow
    path: test/Microsoft.AspNetCore.Authentication.Test/TestClock.cs
    startLine: 15
  assemblies:
  - Microsoft.AspNetCore.Authentication.Test
  namespace: Microsoft.AspNetCore.Authentication
  syntax:
    content: public DateTimeOffset UtcNow { get; set; }
    content.vb: Public Property UtcNow As DateTimeOffset
    parameters: []
    return:
      type: System.DateTimeOffset
  implements:
  - Microsoft.AspNetCore.Authentication.ISystemClock.UtcNow
  modifiers.csharp:
  - public
  - get
  - set
  modifiers.vb:
  - Public
- uid: Microsoft.AspNetCore.Authentication.TestClock.Add(System.TimeSpan)
  commentId: M:Microsoft.AspNetCore.Authentication.TestClock.Add(System.TimeSpan)
  id: Add(System.TimeSpan)
  parent: Microsoft.AspNetCore.Authentication.TestClock
  langs:
  - csharp
  - vb
  name: Add(TimeSpan)
  nameWithType: TestClock.Add(TimeSpan)
  fullName: Microsoft.AspNetCore.Authentication.TestClock.Add(System.TimeSpan)
  type: Method
  source:
    remote:
      path: test/Microsoft.AspNetCore.Authentication.Test/TestClock.cs
      branch: master
      repo: https://github.com/aspnet/Security.git
    id: Add
    path: test/Microsoft.AspNetCore.Authentication.Test/TestClock.cs
    startLine: 17
  assemblies:
  - Microsoft.AspNetCore.Authentication.Test
  namespace: Microsoft.AspNetCore.Authentication
  syntax:
    content: public void Add(TimeSpan timeSpan)
    content.vb: Public Sub Add(timeSpan As TimeSpan)
    parameters:
    - id: timeSpan
      type: System.TimeSpan
  modifiers.csharp:
  - public
  modifiers.vb:
  - Public
references:
- uid: Microsoft.AspNetCore.Authentication
  commentId: N:Microsoft.AspNetCore.Authentication
  isExternal: false
  name: Microsoft.AspNetCore.Authentication
  nameWithType: Microsoft.AspNetCore.Authentication
  fullName: Microsoft.AspNetCore.Authentication
- uid: System.Object
  commentId: T:System.Object
  parent: System
  isExternal: true
  name: Object
  nameWithType: Object
  fullName: System.Object
- uid: Microsoft.AspNetCore.Authentication.ISystemClock
  commentId: T:Microsoft.AspNetCore.Authentication.ISystemClock
  parent: Microsoft.AspNetCore.Authentication
  isExternal: false
  name: ISystemClock
  nameWithType: ISystemClock
  fullName: Microsoft.AspNetCore.Authentication.ISystemClock
- uid: System.Object.Equals(System.Object)
  commentId: M:System.Object.Equals(System.Object)
  parent: System.Object
  isExternal: true
  name: Equals(Object)
  nameWithType: Object.Equals(Object)
  fullName: System.Object.Equals(System.Object)
  spec.csharp:
  - uid: System.Object.Equals(System.Object)
    name: Equals
    nameWithType: Object.Equals
    fullName: System.Object.Equals
    isExternal: true
  - name: (
    nameWithType: (
    fullName: (
  - uid: System.Object
    name: Object
    nameWithType: Object
    fullName: System.Object
    isExternal: true
  - name: )
    nameWithType: )
    fullName: )
  spec.vb:
  - uid: System.Object.Equals(System.Object)
    name: Equals
    nameWithType: Object.Equals
    fullName: System.Object.Equals
    isExternal: true
  - name: (
    nameWithType: (
    fullName: (
  - uid: System.Object
    name: Object
    nameWithType: Object
    fullName: System.Object
    isExternal: true
  - name: )
    nameWithType: )
    fullName: )
- uid: System.Object.Equals(System.Object,System.Object)
  commentId: M:System.Object.Equals(System.Object,System.Object)
  parent: System.Object
  isExternal: true
  name: Equals(Object, Object)
  nameWithType: Object.Equals(Object, Object)
  fullName: System.Object.Equals(System.Object, System.Object)
  spec.csharp:
  - uid: System.Object.Equals(System.Object,System.Object)
    name: Equals
    nameWithType: Object.Equals
    fullName: System.Object.Equals
    isExternal: true
  - name: (
    nameWithType: (
    fullName: (
  - uid: System.Object
    name: Object
    nameWithType: Object
    fullName: System.Object
    isExternal: true
  - name: ', '
    nameWithType: ', '
    fullName: ', '
  - uid: System.Object
    name: Object
    nameWithType: Object
    fullName: System.Object
    isExternal: true
  - name: )
    nameWithType: )
    fullName: )
  spec.vb:
  - uid: System.Object.Equals(System.Object,System.Object)
    name: Equals
    nameWithType: Object.Equals
    fullName: System.Object.Equals
    isExternal: true
  - name: (
    nameWithType: (
    fullName: (
  - uid: System.Object
    name: Object
    nameWithType: Object
    fullName: System.Object
    isExternal: true
  - name: ', '
    nameWithType: ', '
    fullName: ', '
  - uid: System.Object
    name: Object
    nameWithType: Object
    fullName: System.Object
    isExternal: true
  - name: )
    nameWithType: )
    fullName: )
- uid: System.Object.GetHashCode
  commentId: M:System.Object.GetHashCode
  parent: System.Object
  isExternal: true
  name: GetHashCode()
  nameWithType: Object.GetHashCode()
  fullName: System.Object.GetHashCode()
  spec.csharp:
  - uid: System.Object.GetHashCode
    name: GetHashCode
    nameWithType: Object.GetHashCode
    fullName: System.Object.GetHashCode
    isExternal: true
  - name: (
    nameWithType: (
    fullName: (
  - name: )
    nameWithType: )
    fullName: )
  spec.vb:
  - uid: System.Object.GetHashCode
    name: GetHashCode
    nameWithType: Object.GetHashCode
    fullName: System.Object.GetHashCode
    isExternal: true
  - name: (
    nameWithType: (
    fullName: (
  - name: )
    nameWithType: )
    fullName: )
- uid: System.Object.GetType
  commentId: M:System.Object.GetType
  parent: System.Object
  isExternal: true
  name: GetType()
  nameWithType: Object.GetType()
  fullName: System.Object.GetType()
  spec.csharp:
  - uid: System.Object.GetType
    name: GetType
    nameWithType: Object.GetType
    fullName: System.Object.GetType
    isExternal: true
  - name: (
    nameWithType: (
    fullName: (
  - name: )
    nameWithType: )
    fullName: )
  spec.vb:
  - uid: System.Object.GetType
    name: GetType
    nameWithType: Object.GetType
    fullName: System.Object.GetType
    isExternal: true
  - name: (
    nameWithType: (
    fullName: (
  - name: )
    nameWithType: )
    fullName: )
- uid: System.Object.MemberwiseClone
  commentId: M:System.Object.MemberwiseClone
  parent: System.Object
  isExternal: true
  name: MemberwiseClone()
  nameWithType: Object.MemberwiseClone()
  fullName: System.Object.MemberwiseClone()
  spec.csharp:
  - uid: System.Object.MemberwiseClone
    name: MemberwiseClone
    nameWithType: Object.MemberwiseClone
    fullName: System.Object.MemberwiseClone
    isExternal: true
  - name: (
    nameWithType: (
    fullName: (
  - name: )
    nameWithType: )
    fullName: )
  spec.vb:
  - uid: System.Object.MemberwiseClone
    name: MemberwiseClone
    nameWithType: Object.MemberwiseClone
    fullName: System.Object.MemberwiseClone
    isExternal: true
  - name: (
    nameWithType: (
    fullName: (
  - name: )
    nameWithType: )
    fullName: )
- uid: System.Object.ReferenceEquals(System.Object,System.Object)
  commentId: M:System.Object.ReferenceEquals(System.Object,System.Object)
  parent: System.Object
  isExternal: true
  name: ReferenceEquals(Object, Object)
  nameWithType: Object.ReferenceEquals(Object, Object)
  fullName: System.Object.ReferenceEquals(System.Object, System.Object)
  spec.csharp:
  - uid: System.Object.ReferenceEquals(System.Object,System.Object)
    name: ReferenceEquals
    nameWithType: Object.ReferenceEquals
    fullName: System.Object.ReferenceEquals
    isExternal: true
  - name: (
    nameWithType: (
    fullName: (
  - uid: System.Object
    name: Object
    nameWithType: Object
    fullName: System.Object
    isExternal: true
  - name: ', '
    nameWithType: ', '
    fullName: ', '
  - uid: System.Object
    name: Object
    nameWithType: Object
    fullName: System.Object
    isExternal: true
  - name: )
    nameWithType: )
    fullName: )
  spec.vb:
  - uid: System.Object.ReferenceEquals(System.Object,System.Object)
    name: ReferenceEquals
    nameWithType: Object.ReferenceEquals
    fullName: System.Object.ReferenceEquals
    isExternal: true
  - name: (
    nameWithType: (
    fullName: (
  - uid: System.Object
    name: Object
    nameWithType: Object
    fullName: System.Object
    isExternal: true
  - name: ', '
    nameWithType: ', '
    fullName: ', '
  - uid: System.Object
    name: Object
    nameWithType: Object
    fullName: System.Object
    isExternal: true
  - name: )
    nameWithType: )
    fullName: )
- uid: System.Object.ToString
  commentId: M:System.Object.ToString
  parent: System.Object
  isExternal: true
  name: ToString()
  nameWithType: Object.ToString()
  fullName: System.Object.ToString()
  spec.csharp:
  - uid: System.Object.ToString
    name: ToString
    nameWithType: Object.ToString
    fullName: System.Object.ToString
    isExternal: true
  - name: (
    nameWithType: (
    fullName: (
  - name: )
    nameWithType: )
    fullName: )
  spec.vb:
  - uid: System.Object.ToString
    name: ToString
    nameWithType: Object.ToString
    fullName: System.Object.ToString
    isExternal: true
  - name: (
    nameWithType: (
    fullName: (
  - name: )
    nameWithType: )
    fullName: )
- uid: System
  commentId: N:System
  isExternal: false
  name: System
  nameWithType: System
  fullName: System
- uid: Microsoft.AspNetCore.Authentication.ISystemClock.UtcNow
  commentId: P:Microsoft.AspNetCore.Authentication.ISystemClock.UtcNow
  parent: Microsoft.AspNetCore.Authentication.ISystemClock
  isExternal: false
  name: UtcNow
  nameWithType: ISystemClock.UtcNow
  fullName: Microsoft.AspNetCore.Authentication.ISystemClock.UtcNow
- uid: System.DateTimeOffset
  commentId: T:System.DateTimeOffset
  parent: System
  isExternal: true
  name: DateTimeOffset
  nameWithType: DateTimeOffset
  fullName: System.DateTimeOffset
- uid: System.TimeSpan
  commentId: T:System.TimeSpan
  parent: System
  isExternal: true
  name: TimeSpan
  nameWithType: TimeSpan
  fullName: System.TimeSpan
